
Microsoft Visual Studio Solution File, Format Version 12.00
# Visual Studio Version 17
VisualStudioVersion = 17.8.34322.80
MinimumVisualStudioVersion = 10.0.40219.1
Project("{FAE04EC0-301F-11D3-BF4B-00C04F79EFBC}") = "ManejoPresupuesto", "ManejoPresupuesto\ManejoPresupuesto.csproj", "{FB82D8A7-7C9E-4C5C-9DF8-F74C75916BAB}"
EndProject
Global
	GlobalSection(SolutionConfigurationPlatforms) = preSolution
		Debug|Any CPU = Debug|Any CPU
		Release|Any CPU = Release|Any CPU
	EndGlobalSection
	GlobalSection(ProjectConfigurationPlatforms) = postSolution
		{FB82D8A7-7C9E-4C5C-9DF8-F74C75916BAB}.Debug|Any CPU.ActiveCfg = Debug|Any CPU
		{FB82D8A7-7C9E-4C5C-9DF8-F74C75916BAB}.Debug|Any CPU.Build.0 = Debug|Any CPU
		{FB82D8A7-7C9E-4C5C-9DF8-F74C75916BAB}.Release|Any CPU.ActiveCfg = Release|Any CPU
		{FB82D8A7-7C9E-4C5C-9DF8-F74C75916BAB}.Release|Any CPU.Build.0 = Release|Any CPU
	EndGlobalSection
	GlobalSection(SolutionProperties) = preSolution
		HideSolutionNode = FALSE
	EndGlobalSection
	GlobalSection(ExtensibilityGlobals) = postSolution
		SolutionGuid = {7365E85B-66BD-4874-ABF2-356A8388A331}
	EndGlobalSection
EndGlobal
